
Microsoft Visual Studio Solution File, Format Version 12.00
Project("{FAE04EC0-301F-11D3-BF4B-00C04F79EFBC}") = "Omnicasa.Mobile.Zetes", "Omnicasa.Mobile.Zetes\Omnicasa.Mobile.Zetes.csproj", "{EC331AF1-C155-406F-82A5-8476B5F4CE3E}"
EndProject
Project("{FAE04EC0-301F-11D3-BF4B-00C04F79EFBC}") = "Omnicasa.Mobile.Zetes.iOS", "Omnicasa.Mobile.Zetes.iOS\Omnicasa.Mobile.Zetes.iOS.csproj", "{8DED369D-A94B-453F-863A-0913FF7C3722}"
EndProject
Project("{FAE04EC0-301F-11D3-BF4B-00C04F79EFBC}") = "Omnicasa.Mobile.Zetes.Droid", "Omnicasa.Mobile.Zetes.Droid\Omnicasa.Mobile.Zetes.Droid.csproj", "{FAB5CB54-39A6-41A7-88EE-F92FEAE6B45D}"
EndProject
Project("{2150E333-8FDC-42A3-9474-1A3956D46DE8}") = "Sample", "Sample", "{7461B070-02D4-46F5-B23E-8D7399FF9F38}"
EndProject
Project("{FAE04EC0-301F-11D3-BF4B-00C04F79EFBC}") = "Omnicasa.Mobile.Zetes.Sample", "Omnicasa.Mobile.Zetes.Sample\Omnicasa.Mobile.Zetes.Sample.csproj", "{423DA6EF-8253-418F-8F1F-A5D16B57136D}"
EndProject
Project("{FAE04EC0-301F-11D3-BF4B-00C04F79EFBC}") = "Omnicasa.Mobile.Zetes.Standard", "Omnicasa.Mobile.Zetes.Standard\Omnicasa.Mobile.Zetes.Standard.csproj", "{55842E0F-BABB-4924-8622-829CA95E14F1}"
EndProject
Global
	GlobalSection(SolutionConfigurationPlatforms) = preSolution
		Debug|Any CPU = Debug|Any CPU
		Release|Any CPU = Release|Any CPU
	EndGlobalSection
	GlobalSection(ProjectConfigurationPlatforms) = postSolution
		{EC331AF1-C155-406F-82A5-8476B5F4CE3E}.Debug|Any CPU.ActiveCfg = Debug|Any CPU
		{EC331AF1-C155-406F-82A5-8476B5F4CE3E}.Debug|Any CPU.Build.0 = Debug|Any CPU
		{EC331AF1-C155-406F-82A5-8476B5F4CE3E}.Release|Any CPU.ActiveCfg = Release|Any CPU
		{EC331AF1-C155-406F-82A5-8476B5F4CE3E}.Release|Any CPU.Build.0 = Release|Any CPU
		{8DED369D-A94B-453F-863A-0913FF7C3722}.Debug|Any CPU.ActiveCfg = Debug|Any CPU
		{8DED369D-A94B-453F-863A-0913FF7C3722}.Debug|Any CPU.Build.0 = Debug|Any CPU
		{8DED369D-A94B-453F-863A-0913FF7C3722}.Release|Any CPU.ActiveCfg = Release|Any CPU
		{8DED369D-A94B-453F-863A-0913FF7C3722}.Release|Any CPU.Build.0 = Release|Any CPU
		{FAB5CB54-39A6-41A7-88EE-F92FEAE6B45D}.Debug|Any CPU.ActiveCfg = Debug|Any CPU
		{FAB5CB54-39A6-41A7-88EE-F92FEAE6B45D}.Debug|Any CPU.Build.0 = Debug|Any CPU
		{FAB5CB54-39A6-41A7-88EE-F92FEAE6B45D}.Release|Any CPU.ActiveCfg = Release|Any CPU
		{FAB5CB54-39A6-41A7-88EE-F92FEAE6B45D}.Release|Any CPU.Build.0 = Release|Any CPU
		{423DA6EF-8253-418F-8F1F-A5D16B57136D}.Debug|Any CPU.ActiveCfg = Debug|Any CPU
		{423DA6EF-8253-418F-8F1F-A5D16B57136D}.Debug|Any CPU.Build.0 = Debug|Any CPU
		{423DA6EF-8253-418F-8F1F-A5D16B57136D}.Release|Any CPU.ActiveCfg = Release|Any CPU
		{423DA6EF-8253-418F-8F1F-A5D16B57136D}.Release|Any CPU.Build.0 = Release|Any CPU
		{55842E0F-BABB-4924-8622-829CA95E14F1}.Debug|Any CPU.ActiveCfg = Debug|Any CPU
		{55842E0F-BABB-4924-8622-829CA95E14F1}.Debug|Any CPU.Build.0 = Debug|Any CPU
		{55842E0F-BABB-4924-8622-829CA95E14F1}.Release|Any CPU.ActiveCfg = Release|Any CPU
		{55842E0F-BABB-4924-8622-829CA95E14F1}.Release|Any CPU.Build.0 = Release|Any CPU
	EndGlobalSection
	GlobalSection(NestedProjects) = preSolution
		{423DA6EF-8253-418F-8F1F-A5D16B57136D} = {7461B070-02D4-46F5-B23E-8D7399FF9F38}
	EndGlobalSection
EndGlobal
